
Microsoft Visual Studio Solution File, Format Version 12.00
# Visual Studio Version 17
VisualStudioVersion = 17.12.35527.113
MinimumVisualStudioVersion = 10.0.40219.1
Project("{8BC9CEB8-8B4A-11D0-8D11-00A0C91BC942}") = "Server", "Server\Server.vcxproj", "{68A9D7B3-5969-4610-91D7-646574CA9515}"
EndProject
Project("{8BC9CEB8-8B4A-11D0-8D11-00A0C91BC942}") = "InFlightClient", "InFlightClient\InFlightClient.vcxproj", "{B0A4FBB9-50BF-4B55-B483-760BA2F0730E}"
EndProject
Project("{8BC9CEB8-8B4A-11D0-8D11-00A0C91BC942}") = "GroundControlClient", "GroundControlClient\GroundControlClient.vcxproj", "{E756B7C6-2ACF-4FC0-A1F9-0E20705F26ED}"
EndProject
Project("{8BC9CEB8-8B4A-11D0-8D11-00A0C91BC942}") = "ServerTests", "ServerTests\ServerTests.vcxproj", "{E7C3BA11-D521-0896-6C20-E119BA20C5BC}"
EndProject
Project("{8BC9CEB8-8B4A-11D0-8D11-00A0C91BC942}") = "InFlightClient-Test1", "InFlightClient-Test1\InFlightClient-Test1.vcxproj", "{DC391C02-A93D-422F-A834-4EE43F6D721A}"
EndProject
Project("{8BC9CEB8-8B4A-11D0-8D11-00A0C91BC942}") = "GroundControl_Tests", "GroundControl_Tests\GroundControl_Tests.vcxproj", "{44F74EB5-68DE-4A50-BFC0-97F8622DBD09}"
EndProject
Project("{8BC9CEB8-8B4A-11D0-8D11-00A0C91BC942}") = "ServerSystemTests", "ServerSystemTests\ServerSystemTests.vcxproj", "{BAD166B4-2326-4273-1812-9D0DFA5E26AC}"
EndProject
Project("{8BC9CEB8-8B4A-11D0-8D11-00A0C91BC942}") = "IntegrationTests", "IntegrationTests\IntegrationTests.vcxproj", "{0390735A-97EC-4C51-AB22-7DCAD3B0D1FC}"
EndProject
Global
	GlobalSection(SolutionConfigurationPlatforms) = preSolution
		Debug|Any CPU = Debug|Any CPU
		Debug|x64 = Debug|x64
		Debug|x86 = Debug|x86
		Release|Any CPU = Release|Any CPU
		Release|x64 = Release|x64
		Release|x86 = Release|x86
	EndGlobalSection
	GlobalSection(ProjectConfigurationPlatforms) = postSolution
		{68A9D7B3-5969-4610-91D7-646574CA9515}.Debug|Any CPU.ActiveCfg = Debug|x64
		{68A9D7B3-5969-4610-91D7-646574CA9515}.Debug|Any CPU.Build.0 = Debug|x64
		{68A9D7B3-5969-4610-91D7-646574CA9515}.Debug|x64.ActiveCfg = Debug|x64
		{68A9D7B3-5969-4610-91D7-646574CA9515}.Debug|x64.Build.0 = Debug|x64
		{68A9D7B3-5969-4610-91D7-646574CA9515}.Debug|x86.ActiveCfg = Debug|Win32
		{68A9D7B3-5969-4610-91D7-646574CA9515}.Debug|x86.Build.0 = Debug|Win32
		{68A9D7B3-5969-4610-91D7-646574CA9515}.Release|Any CPU.ActiveCfg = Release|x64
		{68A9D7B3-5969-4610-91D7-646574CA9515}.Release|Any CPU.Build.0 = Release|x64
		{68A9D7B3-5969-4610-91D7-646574CA9515}.Release|x64.ActiveCfg = Release|x64
		{68A9D7B3-5969-4610-91D7-646574CA9515}.Release|x64.Build.0 = Release|x64
		{68A9D7B3-5969-4610-91D7-646574CA9515}.Release|x86.ActiveCfg = Release|Win32
		{68A9D7B3-5969-4610-91D7-646574CA9515}.Release|x86.Build.0 = Release|Win32
		{B0A4FBB9-50BF-4B55-B483-760BA2F0730E}.Debug|Any CPU.ActiveCfg = Debug|x64
		{B0A4FBB9-50BF-4B55-B483-760BA2F0730E}.Debug|Any CPU.Build.0 = Debug|x64
		{B0A4FBB9-50BF-4B55-B483-760BA2F0730E}.Debug|x64.ActiveCfg = Debug|x64
		{B0A4FBB9-50BF-4B55-B483-760BA2F0730E}.Debug|x64.Build.0 = Debug|x64
		{B0A4FBB9-50BF-4B55-B483-760BA2F0730E}.Debug|x86.ActiveCfg = Debug|Win32
		{B0A4FBB9-50BF-4B55-B483-760BA2F0730E}.Debug|x86.Build.0 = Debug|Win32
		{B0A4FBB9-50BF-4B55-B483-760BA2F0730E}.Release|Any CPU.ActiveCfg = Release|x64
		{B0A4FBB9-50BF-4B55-B483-760BA2F0730E}.Release|Any CPU.Build.0 = Release|x64
		{B0A4FBB9-50BF-4B55-B483-760BA2F0730E}.Release|x64.ActiveCfg = Release|x64
		{B0A4FBB9-50BF-4B55-B483-760BA2F0730E}.Release|x64.Build.0 = Release|x64
		{B0A4FBB9-50BF-4B55-B483-760BA2F0730E}.Release|x86.ActiveCfg = Release|Win32
		{B0A4FBB9-50BF-4B55-B483-760BA2F0730E}.Release|x86.Build.0 = Release|Win32
		{E756B7C6-2ACF-4FC0-A1F9-0E20705F26ED}.Debug|Any CPU.ActiveCfg = Debug|x64
		{E756B7C6-2ACF-4FC0-A1F9-0E20705F26ED}.Debug|Any CPU.Build.0 = Debug|x64
		{E756B7C6-2ACF-4FC0-A1F9-0E20705F26ED}.Debug|x64.ActiveCfg = Debug|x64
		{E756B7C6-2ACF-4FC0-A1F9-0E20705F26ED}.Debug|x64.Build.0 = Debug|x64
		{E756B7C6-2ACF-4FC0-A1F9-0E20705F26ED}.Debug|x86.ActiveCfg = Debug|Win32
		{E756B7C6-2ACF-4FC0-A1F9-0E20705F26ED}.Debug|x86.Build.0 = Debug|Win32
		{E756B7C6-2ACF-4FC0-A1F9-0E20705F26ED}.Release|Any CPU.ActiveCfg = Release|x64
		{E756B7C6-2ACF-4FC0-A1F9-0E20705F26ED}.Release|Any CPU.Build.0 = Release|x64
		{E756B7C6-2ACF-4FC0-A1F9-0E20705F26ED}.Release|x64.ActiveCfg = Release|x64
		{E756B7C6-2ACF-4FC0-A1F9-0E20705F26ED}.Release|x64.Build.0 = Release|x64
		{E756B7C6-2ACF-4FC0-A1F9-0E20705F26ED}.Release|x86.ActiveCfg = Release|Win32
		{E756B7C6-2ACF-4FC0-A1F9-0E20705F26ED}.Release|x86.Build.0 = Release|Win32
		{E7C3BA11-D521-0896-6C20-E119BA20C5BC}.Debug|Any CPU.ActiveCfg = Debug|x64
		{E7C3BA11-D521-0896-6C20-E119BA20C5BC}.Debug|Any CPU.Build.0 = Debug|x64
		{E7C3BA11-D521-0896-6C20-E119BA20C5BC}.Debug|x64.ActiveCfg = Debug|x64
		{E7C3BA11-D521-0896-6C20-E119BA20C5BC}.Debug|x64.Build.0 = Debug|x64
		{E7C3BA11-D521-0896-6C20-E119BA20C5BC}.Debug|x86.ActiveCfg = Debug|Win32
		{E7C3BA11-D521-0896-6C20-E119BA20C5BC}.Debug|x86.Build.0 = Debug|Win32
		{E7C3BA11-D521-0896-6C20-E119BA20C5BC}.Release|Any CPU.ActiveCfg = Release|x64
		{E7C3BA11-D521-0896-6C20-E119BA20C5BC}.Release|Any CPU.Build.0 = Release|x64
		{E7C3BA11-D521-0896-6C20-E119BA20C5BC}.Release|x64.ActiveCfg = Release|x64
		{E7C3BA11-D521-0896-6C20-E119BA20C5BC}.Release|x64.Build.0 = Release|x64
		{E7C3BA11-D521-0896-6C20-E119BA20C5BC}.Release|x86.ActiveCfg = Release|Win32
		{E7C3BA11-D521-0896-6C20-E119BA20C5BC}.Release|x86.Build.0 = Release|Win32
		{DC391C02-A93D-422F-A834-4EE43F6D721A}.Debug|Any CPU.ActiveCfg = Debug|x64
		{DC391C02-A93D-422F-A834-4EE43F6D721A}.Debug|Any CPU.Build.0 = Debug|x64
		{DC391C02-A93D-422F-A834-4EE43F6D721A}.Debug|x64.ActiveCfg = Debug|x64
		{DC391C02-A93D-422F-A834-4EE43F6D721A}.Debug|x86.ActiveCfg = Debug|Win32
		{DC391C02-A93D-422F-A834-4EE43F6D721A}.Debug|x86.Build.0 = Debug|Win32
		{DC391C02-A93D-422F-A834-4EE43F6D721A}.Release|Any CPU.ActiveCfg = Release|x64
		{DC391C02-A93D-422F-A834-4EE43F6D721A}.Release|Any CPU.Build.0 = Release|x64
		{DC391C02-A93D-422F-A834-4EE43F6D721A}.Release|x64.ActiveCfg = Release|x64
		{DC391C02-A93D-422F-A834-4EE43F6D721A}.Release|x64.Build.0 = Release|x64
		{DC391C02-A93D-422F-A834-4EE43F6D721A}.Release|x86.ActiveCfg = Release|Win32
		{DC391C02-A93D-422F-A834-4EE43F6D721A}.Release|x86.Build.0 = Release|Win32
		{44F74EB5-68DE-4A50-BFC0-97F8622DBD09}.Debug|Any CPU.ActiveCfg = Debug|x64
		{44F74EB5-68DE-4A50-BFC0-97F8622DBD09}.Debug|Any CPU.Build.0 = Debug|x64
		{44F74EB5-68DE-4A50-BFC0-97F8622DBD09}.Debug|x64.ActiveCfg = Debug|x64
		{44F74EB5-68DE-4A50-BFC0-97F8622DBD09}.Debug|x64.Build.0 = Debug|x64
		{44F74EB5-68DE-4A50-BFC0-97F8622DBD09}.Debug|x86.ActiveCfg = Debug|Win32
		{44F74EB5-68DE-4A50-BFC0-97F8622DBD09}.Debug|x86.Build.0 = Debug|Win32
		{44F74EB5-68DE-4A50-BFC0-97F8622DBD09}.Release|Any CPU.ActiveCfg = Release|x64
		{44F74EB5-68DE-4A50-BFC0-97F8622DBD09}.Release|Any CPU.Build.0 = Release|x64
		{44F74EB5-68DE-4A50-BFC0-97F8622DBD09}.Release|x64.ActiveCfg = Release|x64
		{44F74EB5-68DE-4A50-BFC0-97F8622DBD09}.Release|x64.Build.0 = Release|x64
		{44F74EB5-68DE-4A50-BFC0-97F8622DBD09}.Release|x86.ActiveCfg = Release|Win32
		{44F74EB5-68DE-4A50-BFC0-97F8622DBD09}.Release|x86.Build.0 = Release|Win32
		{BAD166B4-2326-4273-1812-9D0DFA5E26AC}.Debug|Any CPU.ActiveCfg = Debug|x64
		{BAD166B4-2326-4273-1812-9D0DFA5E26AC}.Debug|Any CPU.Build.0 = Debug|x64
		{BAD166B4-2326-4273-1812-9D0DFA5E26AC}.Debug|x64.ActiveCfg = Debug|x64
		{BAD166B4-2326-4273-1812-9D0DFA5E26AC}.Debug|x64.Build.0 = Debug|x64
		{BAD166B4-2326-4273-1812-9D0DFA5E26AC}.Debug|x86.ActiveCfg = Debug|Win32
		{BAD166B4-2326-4273-1812-9D0DFA5E26AC}.Debug|x86.Build.0 = Debug|Win32
		{BAD166B4-2326-4273-1812-9D0DFA5E26AC}.Release|Any CPU.ActiveCfg = Release|x64
		{BAD166B4-2326-4273-1812-9D0DFA5E26AC}.Release|Any CPU.Build.0 = Release|x64
		{BAD166B4-2326-4273-1812-9D0DFA5E26AC}.Release|x64.ActiveCfg = Release|x64
		{BAD166B4-2326-4273-1812-9D0DFA5E26AC}.Release|x64.Build.0 = Release|x64
		{BAD166B4-2326-4273-1812-9D0DFA5E26AC}.Release|x86.ActiveCfg = Release|Win32
		{BAD166B4-2326-4273-1812-9D0DFA5E26AC}.Release|x86.Build.0 = Release|Win32
		{0390735A-97EC-4C51-AB22-7DCAD3B0D1FC}.Debug|Any CPU.ActiveCfg = Debug|x64
		{0390735A-97EC-4C51-AB22-7DCAD3B0D1FC}.Debug|Any CPU.Build.0 = Debug|x64
		{0390735A-97EC-4C51-AB22-7DCAD3B0D1FC}.Debug|x64.ActiveCfg = Debug|x64
		{0390735A-97EC-4C51-AB22-7DCAD3B0D1FC}.Debug|x64.Build.0 = Debug|x64
		{0390735A-97EC-4C51-AB22-7DCAD3B0D1FC}.Debug|x86.ActiveCfg = Debug|Win32
		{0390735A-97EC-4C51-AB22-7DCAD3B0D1FC}.Debug|x86.Build.0 = Debug|Win32
		{0390735A-97EC-4C51-AB22-7DCAD3B0D1FC}.Release|Any CPU.ActiveCfg = Release|x64
		{0390735A-97EC-4C51-AB22-7DCAD3B0D1FC}.Release|Any CPU.Build.0 = Release|x64
		{0390735A-97EC-4C51-AB22-7DCAD3B0D1FC}.Release|x64.ActiveCfg = Release|x64
		{0390735A-97EC-4C51-AB22-7DCAD3B0D1FC}.Release|x64.Build.0 = Release|x64
		{0390735A-97EC-4C51-AB22-7DCAD3B0D1FC}.Release|x86.ActiveCfg = Release|Win32
		{0390735A-97EC-4C51-AB22-7DCAD3B0D1FC}.Release|x86.Build.0 = Release|Win32
	EndGlobalSection
	GlobalSection(SolutionProperties) = preSolution
		HideSolutionNode = FALSE
	EndGlobalSection
	GlobalSection(ExtensibilityGlobals) = postSolution
		SolutionGuid = {00B88585-6497-45CF-B3A6-71A2B52B0994}
	EndGlobalSection
EndGlobal
